
Microsoft Visual Studio Solution File, Format Version 12.00
# Visual Studio 14
VisualStudioVersion = 14.0.25420.1
MinimumVisualStudioVersion = 10.0.40219.1
Project("{FAE04EC0-301F-11D3-BF4B-00C04F79EFBC}") = "Sensato.Test", "Sensato.Test\Sensato.Test.csproj", "{504FE82C-1972-4D77-ADAF-4AABBFFC9425}"
EndProject
Project("{FAE04EC0-301F-11D3-BF4B-00C04F79EFBC}") = "Sensato.Translate", "Sensato.Translate\Sensato.Translate.csproj", "{262103BA-55A8-4183-B603-C5166EF44886}"
EndProject
Project("{FAE04EC0-301F-11D3-BF4B-00C04F79EFBC}") = "Sensato.DataAccess", "Sensato.DataAccess\Sensato.DataAccess.csproj", "{26090005-625A-49FC-8CDC-2BC30EDDE4C5}"
EndProject
Global
	GlobalSection(SolutionConfigurationPlatforms) = preSolution
		Debug|Any CPU = Debug|Any CPU
		Release|Any CPU = Release|Any CPU
	EndGlobalSection
	GlobalSection(ProjectConfigurationPlatforms) = postSolution
		{504FE82C-1972-4D77-ADAF-4AABBFFC9425}.Debug|Any CPU.ActiveCfg = Debug|Any CPU
		{504FE82C-1972-4D77-ADAF-4AABBFFC9425}.Debug|Any CPU.Build.0 = Debug|Any CPU
		{504FE82C-1972-4D77-ADAF-4AABBFFC9425}.Release|Any CPU.ActiveCfg = Release|Any CPU
		{504FE82C-1972-4D77-ADAF-4AABBFFC9425}.Release|Any CPU.Build.0 = Release|Any CPU
		{262103BA-55A8-4183-B603-C5166EF44886}.Debug|Any CPU.ActiveCfg = Debug|Any CPU
		{262103BA-55A8-4183-B603-C5166EF44886}.Debug|Any CPU.Build.0 = Debug|Any CPU
		{262103BA-55A8-4183-B603-C5166EF44886}.Release|Any CPU.ActiveCfg = Release|Any CPU
		{262103BA-55A8-4183-B603-C5166EF44886}.Release|Any CPU.Build.0 = Release|Any CPU
		{26090005-625A-49FC-8CDC-2BC30EDDE4C5}.Debug|Any CPU.ActiveCfg = Debug|Any CPU
		{26090005-625A-49FC-8CDC-2BC30EDDE4C5}.Debug|Any CPU.Build.0 = Debug|Any CPU
		{26090005-625A-49FC-8CDC-2BC30EDDE4C5}.Release|Any CPU.ActiveCfg = Release|Any CPU
		{26090005-625A-49FC-8CDC-2BC30EDDE4C5}.Release|Any CPU.Build.0 = Release|Any CPU
	EndGlobalSection
	GlobalSection(SolutionProperties) = preSolution
		HideSolutionNode = FALSE
	EndGlobalSection
EndGlobal
